// !$*UTF8*$!
{
	archiveVersion = 1;
	classes = {
	};
	objectVersion = 51;
	objects = {

/* Begin PBXBuildFile section */
		8504970924370B5800C1E434 /* DBManager.swift in Sources */ = {isa = PBXBuildFile; fileRef = 8504970824370B5800C1E434 /* DBManager.swift */; };
		8511FF3724349B0A0028E8B9 /* NewsViewController.swift in Sources */ = {isa = PBXBuildFile; fileRef = 8511FF3624349B0A0028E8B9 /* NewsViewController.swift */; };
		8511FF3A2434B9210028E8B9 /* NewsTableViewCell.swift in Sources */ = {isa = PBXBuildFile; fileRef = 8511FF392434B9210028E8B9 /* NewsTableViewCell.swift */; };
		8557AEE22433200C00075439 /* AppDelegate.swift in Sources */ = {isa = PBXBuildFile; fileRef = 8557AEE12433200C00075439 /* AppDelegate.swift */; };
		8557AEE42433200C00075439 /* SceneDelegate.swift in Sources */ = {isa = PBXBuildFile; fileRef = 8557AEE32433200C00075439 /* SceneDelegate.swift */; };
		8557AEE62433200C00075439 /* SourceCollectionViewController.swift in Sources */ = {isa = PBXBuildFile; fileRef = 8557AEE52433200C00075439 /* SourceCollectionViewController.swift */; };
		8557AEE92433200C00075439 /* Main.storyboard in Resources */ = {isa = PBXBuildFile; fileRef = 8557AEE72433200C00075439 /* Main.storyboard */; };
		8557AEEB2433200D00075439 /* Assets.xcassets in Resources */ = {isa = PBXBuildFile; fileRef = 8557AEEA2433200D00075439 /* Assets.xcassets */; };
		8557AEEE2433200D00075439 /* LaunchScreen.storyboard in Resources */ = {isa = PBXBuildFile; fileRef = 8557AEEC2433200D00075439 /* LaunchScreen.storyboard */; };
		8557AEF82433265100075439 /* SearchArticles.swift in Sources */ = {isa = PBXBuildFile; fileRef = 8557AEF72433265100075439 /* SearchArticles.swift */; };
		8557AEFA243326C700075439 /* SearchSources.swift in Sources */ = {isa = PBXBuildFile; fileRef = 8557AEF9243326C700075439 /* SearchSources.swift */; };
		8557AEFC243326E000075439 /* NetworkService.swift in Sources */ = {isa = PBXBuildFile; fileRef = 8557AEFB243326E000075439 /* NetworkService.swift */; };
		8557AEFE243326EE00075439 /* NetworkDataFetcher.swift in Sources */ = {isa = PBXBuildFile; fileRef = 8557AEFD243326EE00075439 /* NetworkDataFetcher.swift */; };
		8557AF012433348600075439 /* UIKit+Extension.swift in Sources */ = {isa = PBXBuildFile; fileRef = 8557AF002433348600075439 /* UIKit+Extension.swift */; };
		8557AF03243334B700075439 /* UltravisualLayout.swift in Sources */ = {isa = PBXBuildFile; fileRef = 8557AF02243334B700075439 /* UltravisualLayout.swift */; };
		8557AF052433357800075439 /* SourceCollectionViewCell.swift in Sources */ = {isa = PBXBuildFile; fileRef = 8557AF042433357800075439 /* SourceCollectionViewCell.swift */; };
		8559289F24336A65005393BB /* DetailedSourceViewController.swift in Sources */ = {isa = PBXBuildFile; fileRef = 8559289E24336A65005393BB /* DetailedSourceViewController.swift */; };
		855928A124337F14005393BB /* DetailedSourceCollectionViewControllerCell.swift in Sources */ = {isa = PBXBuildFile; fileRef = 855928A024337F14005393BB /* DetailedSourceCollectionViewControllerCell.swift */; };
		855928A424339EBA005393BB /* DateFormatter.swift in Sources */ = {isa = PBXBuildFile; fileRef = 855928A324339EBA005393BB /* DateFormatter.swift */; };
		85B566492435C5C70011694C /* FavoriteNewsViewController.swift in Sources */ = {isa = PBXBuildFile; fileRef = 85B566482435C5C70011694C /* FavoriteNewsViewController.swift */; };
		85B566572435DD460011694C /* Sources.storyboard in Resources */ = {isa = PBXBuildFile; fileRef = 85B566562435DD460011694C /* Sources.storyboard */; };
		85B5665A2435DDB90011694C /* Articles.storyboard in Resources */ = {isa = PBXBuildFile; fileRef = 85B566582435DDB90011694C /* Articles.storyboard */; };
		85B5665C2435DDCC0011694C /* Favorites.storyboard in Resources */ = {isa = PBXBuildFile; fileRef = 85B5665B2435DDCC0011694C /* Favorites.storyboard */; };
		85B5665F2435DEC60011694C /* WelcomeViewController.swift in Sources */ = {isa = PBXBuildFile; fileRef = 85B5665E2435DEC60011694C /* WelcomeViewController.swift */; };
		BB4896437574B8977BAC2E3E /* Pods_News.framework in Frameworks */ = {isa = PBXBuildFile; fileRef = AE918580FEB8BF5D781817D9 /* Pods_News.framework */; };
/* End PBXBuildFile section */

/* Begin PBXFileReference section */
		8504970824370B5800C1E434 /* DBManager.swift */ = {isa = PBXFileReference; lastKnownFileType = sourcecode.swift; path = DBManager.swift; sourceTree = "<group>"; };
		8511FF3624349B0A0028E8B9 /* NewsViewController.swift */ = {isa = PBXFileReference; lastKnownFileType = sourcecode.swift; path = NewsViewController.swift; sourceTree = "<group>"; };
		8511FF392434B9210028E8B9 /* NewsTableViewCell.swift */ = {isa = PBXFileReference; lastKnownFileType = sourcecode.swift; path = NewsTableViewCell.swift; sourceTree = "<group>"; };
		8557AEDE2433200C00075439 /* News.app */ = {isa = PBXFileReference; explicitFileType = wrapper.application; includeInIndex = 0; path = News.app; sourceTree = BUILT_PRODUCTS_DIR; };
		8557AEE12433200C00075439 /* AppDelegate.swift */ = {isa = PBXFileReference; lastKnownFileType = sourcecode.swift; path = AppDelegate.swift; sourceTree = "<group>"; };
		8557AEE32433200C00075439 /* SceneDelegate.swift */ = {isa = PBXFileReference; lastKnownFileType = sourcecode.swift; path = SceneDelegate.swift; sourceTree = "<group>"; };
		8557AEE52433200C00075439 /* SourceCollectionViewController.swift */ = {isa = PBXFileReference; lastKnownFileType = sourcecode.swift; path = SourceCollectionViewController.swift; sourceTree = "<group>"; };
		8557AEE82433200C00075439 /* Base */ = {isa = PBXFileReference; lastKnownFileType = file.storyboard; name = Base; path = Base.lproj/Main.storyboard; sourceTree = "<group>"; };
		8557AEEA2433200D00075439 /* Assets.xcassets */ = {isa = PBXFileReference; lastKnownFileType = folder.assetcatalog; path = Assets.xcassets; sourceTree = "<group>"; };
		8557AEED2433200D00075439 /* Base */ = {isa = PBXFileReference; lastKnownFileType = file.storyboard; name = Base; path = Base.lproj/LaunchScreen.storyboard; sourceTree = "<group>"; };
		8557AEEF2433200D00075439 /* Info.plist */ = {isa = PBXFileReference; lastKnownFileType = text.plist.xml; path = Info.plist; sourceTree = "<group>"; };
		8557AEF72433265100075439 /* SearchArticles.swift */ = {isa = PBXFileReference; lastKnownFileType = sourcecode.swift; path = SearchArticles.swift; sourceTree = "<group>"; };
		8557AEF9243326C700075439 /* SearchSources.swift */ = {isa = PBXFileReference; lastKnownFileType = sourcecode.swift; path = SearchSources.swift; sourceTree = "<group>"; };
		8557AEFB243326E000075439 /* NetworkService.swift */ = {isa = PBXFileReference; lastKnownFileType = sourcecode.swift; path = NetworkService.swift; sourceTree = "<group>"; };
		8557AEFD243326EE00075439 /* NetworkDataFetcher.swift */ = {isa = PBXFileReference; lastKnownFileType = sourcecode.swift; path = NetworkDataFetcher.swift; sourceTree = "<group>"; };
		8557AF002433348600075439 /* UIKit+Extension.swift */ = {isa = PBXFileReference; lastKnownFileType = sourcecode.swift; path = "UIKit+Extension.swift"; sourceTree = "<group>"; };
		8557AF02243334B700075439 /* UltravisualLayout.swift */ = {isa = PBXFileReference; lastKnownFileType = sourcecode.swift; path = UltravisualLayout.swift; sourceTree = "<group>"; };
		8557AF042433357800075439 /* SourceCollectionViewCell.swift */ = {isa = PBXFileReference; lastKnownFileType = sourcecode.swift; path = SourceCollectionViewCell.swift; sourceTree = "<group>"; };
		8559289E24336A65005393BB /* DetailedSourceViewController.swift */ = {isa = PBXFileReference; lastKnownFileType = sourcecode.swift; path = DetailedSourceViewController.swift; sourceTree = "<group>"; };
		855928A024337F14005393BB /* DetailedSourceCollectionViewControllerCell.swift */ = {isa = PBXFileReference; lastKnownFileType = sourcecode.swift; path = DetailedSourceCollectionViewControllerCell.swift; sourceTree = "<group>"; };
		855928A324339EBA005393BB /* DateFormatter.swift */ = {isa = PBXFileReference; lastKnownFileType = sourcecode.swift; path = DateFormatter.swift; sourceTree = "<group>"; };
		85B566482435C5C70011694C /* FavoriteNewsViewController.swift */ = {isa = PBXFileReference; lastKnownFileType = sourcecode.swift; path = FavoriteNewsViewController.swift; sourceTree = "<group>"; };
		85B566562435DD460011694C /* Sources.storyboard */ = {isa = PBXFileReference; fileEncoding = 4; lastKnownFileType = file.storyboard; path = Sources.storyboard; sourceTree = SOURCE_ROOT; };
		85B566592435DDB90011694C /* Base */ = {isa = PBXFileReference; lastKnownFileType = file.storyboard; name = Base; path = Base.lproj/Articles.storyboard; sourceTree = "<group>"; };
		85B5665B2435DDCC0011694C /* Favorites.storyboard */ = {isa = PBXFileReference; fileEncoding = 4; lastKnownFileType = file.storyboard; path = Favorites.storyboard; sourceTree = SOURCE_ROOT; };
		85B5665E2435DEC60011694C /* WelcomeViewController.swift */ = {isa = PBXFileReference; lastKnownFileType = sourcecode.swift; path = WelcomeViewController.swift; sourceTree = "<group>"; };
		AE89F67B01C0316049F6052B /* Pods-News.debug.xcconfig */ = {isa = PBXFileReference; includeInIndex = 1; lastKnownFileType = text.xcconfig; name = "Pods-News.debug.xcconfig"; path = "Target Support Files/Pods-News/Pods-News.debug.xcconfig"; sourceTree = "<group>"; };
		AE918580FEB8BF5D781817D9 /* Pods_News.framework */ = {isa = PBXFileReference; explicitFileType = wrapper.framework; includeInIndex = 0; path = Pods_News.framework; sourceTree = BUILT_PRODUCTS_DIR; };
		CDEBA705CD324399A8BF6067 /* Pods-News.release.xcconfig */ = {isa = PBXFileReference; includeInIndex = 1; lastKnownFileType = text.xcconfig; name = "Pods-News.release.xcconfig"; path = "Target Support Files/Pods-News/Pods-News.release.xcconfig"; sourceTree = "<group>"; };
/* End PBXFileReference section */

/* Begin PBXFrameworksBuildPhase section */
		8557AEDB2433200C00075439 /* Frameworks */ = {
			isa = PBXFrameworksBuildPhase;
			buildActionMask = 2147483647;
			files = (
				BB4896437574B8977BAC2E3E /* Pods_News.framework in Frameworks */,
			);
			runOnlyForDeploymentPostprocessing = 0;
		};
/* End PBXFrameworksBuildPhase section */

/* Begin PBXGroup section */
		8504970724370B0300C1E434 /* Network */ = {
			isa = PBXGroup;
			children = (
				8557AEFB243326E000075439 /* NetworkService.swift */,
				8557AEFD243326EE00075439 /* NetworkDataFetcher.swift */,
			);
			path = Network;
			sourceTree = "<group>";
		};
		8504970A2437134900C1E434 /* DataBase */ = {
			isa = PBXGroup;
			children = (
				8504970824370B5800C1E434 /* DBManager.swift */,
			);
			path = DataBase;
			sourceTree = "<group>";
		};
		8511FF382434AF750028E8B9 /* News */ = {
			isa = PBXGroup;
			children = (
				8511FF3624349B0A0028E8B9 /* NewsViewController.swift */,
				8511FF392434B9210028E8B9 /* NewsTableViewCell.swift */,
			);
			path = News;
			sourceTree = "<group>";
		};
		8557AED52433200C00075439 = {
			isa = PBXGroup;
			children = (
				8557AEE02433200C00075439 /* News */,
				8557AEDF2433200C00075439 /* Products */,
				A444949886528648B2EC6E08 /* Pods */,
				C9473DC6DC2B61A8E9FEF88D /* Frameworks */,
			);
			sourceTree = "<group>";
		};
		8557AEDF2433200C00075439 /* Products */ = {
			isa = PBXGroup;
			children = (
				8557AEDE2433200C00075439 /* News.app */,
			);
			name = Products;
			sourceTree = "<group>";
		};
		8557AEE02433200C00075439 /* News */ = {
			isa = PBXGroup;
			children = (
				85B5665D2435DEB70011694C /* Onboarding */,
				8557AEFF2433347200075439 /* Extensions */,
				8557AEF5243322F000075439 /* Services */,
				8557AF0624333FA500075439 /* Sources */,
				8511FF382434AF750028E8B9 /* News */,
				85B566472435C5A00011694C /* FavoriteNews */,
				8557AF08243349ED00075439 /* Application */,
				8557AEEF2433200D00075439 /* Info.plist */,
			);
			path = News;
			sourceTree = "<group>";
		};
		8557AEF5243322F000075439 /* Services */ = {
			isa = PBXGroup;
			children = (
				8557AEF6243322F600075439 /* Models */,
				8504970724370B0300C1E434 /* Network */,
				8504970A2437134900C1E434 /* DataBase */,
			);
			path = Services;
			sourceTree = "<group>";
		};
		8557AEF6243322F600075439 /* Models */ = {
			isa = PBXGroup;
			children = (
				8557AEF72433265100075439 /* SearchArticles.swift */,
				8557AEF9243326C700075439 /* SearchSources.swift */,
			);
			path = Models;
			sourceTree = "<group>";
		};
		8557AEFF2433347200075439 /* Extensions */ = {
			isa = PBXGroup;
			children = (
				8557AF002433348600075439 /* UIKit+Extension.swift */,
				855928A324339EBA005393BB /* DateFormatter.swift */,
			);
			path = Extensions;
			sourceTree = "<group>";
		};
		8557AF0624333FA500075439 /* Sources */ = {
			isa = PBXGroup;
			children = (
				8557AF072433483A00075439 /* CustomLayout */,
				855928A224337F4E005393BB /* DetailedSource */,
				8557AEE52433200C00075439 /* SourceCollectionViewController.swift */,
				8557AF042433357800075439 /* SourceCollectionViewCell.swift */,
			);
			path = Sources;
			sourceTree = "<group>";
		};
		8557AF072433483A00075439 /* CustomLayout */ = {
			isa = PBXGroup;
			children = (
				8557AF02243334B700075439 /* UltravisualLayout.swift */,
			);
			path = CustomLayout;
			sourceTree = "<group>";
		};
		8557AF08243349ED00075439 /* Application */ = {
			isa = PBXGroup;
			children = (
				85B5665B2435DDCC0011694C /* Favorites.storyboard */,
				85B566582435DDB90011694C /* Articles.storyboard */,
				85B566562435DD460011694C /* Sources.storyboard */,
				8557AEE12433200C00075439 /* AppDelegate.swift */,
				8557AEE32433200C00075439 /* SceneDelegate.swift */,
				8557AEE72433200C00075439 /* Main.storyboard */,
				8557AEEA2433200D00075439 /* Assets.xcassets */,
				8557AEEC2433200D00075439 /* LaunchScreen.storyboard */,
			);
			path = Application;
			sourceTree = "<group>";
		};
		855928A224337F4E005393BB /* DetailedSource */ = {
			isa = PBXGroup;
			children = (
				8559289E24336A65005393BB /* DetailedSourceViewController.swift */,
				855928A024337F14005393BB /* DetailedSourceCollectionViewControllerCell.swift */,
			);
			path = DetailedSource;
			sourceTree = "<group>";
		};
		85B566472435C5A00011694C /* FavoriteNews */ = {
			isa = PBXGroup;
			children = (
				85B566482435C5C70011694C /* FavoriteNewsViewController.swift */,
			);
			path = FavoriteNews;
			sourceTree = "<group>";
		};
		85B5665D2435DEB70011694C /* Onboarding */ = {
			isa = PBXGroup;
			children = (
				85B5665E2435DEC60011694C /* WelcomeViewController.swift */,
			);
			path = Onboarding;
			sourceTree = "<group>";
		};
		A444949886528648B2EC6E08 /* Pods */ = {
			isa = PBXGroup;
			children = (
				AE89F67B01C0316049F6052B /* Pods-News.debug.xcconfig */,
				CDEBA705CD324399A8BF6067 /* Pods-News.release.xcconfig */,
			);
			path = Pods;
			sourceTree = "<group>";
		};
		C9473DC6DC2B61A8E9FEF88D /* Frameworks */ = {
			isa = PBXGroup;
			children = (
				AE918580FEB8BF5D781817D9 /* Pods_News.framework */,
			);
			name = Frameworks;
			sourceTree = "<group>";
		};
/* End PBXGroup section */

/* Begin PBXNativeTarget section */
		8557AEDD2433200C00075439 /* News */ = {
			isa = PBXNativeTarget;
			buildConfigurationList = 8557AEF22433200D00075439 /* Build configuration list for PBXNativeTarget "News" */;
			buildPhases = (
				1ADD480C7E76315ADCCDBD0F /* [CP] Check Pods Manifest.lock */,
				8557AEDA2433200C00075439 /* Sources */,
				8557AEDB2433200C00075439 /* Frameworks */,
				8557AEDC2433200C00075439 /* Resources */,
				40183768F718F3B711551CA9 /* [CP] Embed Pods Frameworks */,
			);
			buildRules = (
			);
			dependencies = (
			);
			name = News;
			productName = News;
			productReference = 8557AEDE2433200C00075439 /* News.app */;
			productType = "com.apple.product-type.application";
		};
/* End PBXNativeTarget section */

/* Begin PBXProject section */
		8557AED62433200C00075439 /* Project object */ = {
			isa = PBXProject;
			attributes = {
				LastSwiftUpdateCheck = 1140;
				LastUpgradeCheck = 1140;
				ORGANIZATIONNAME = "Stanislav Povolotskiy";
				TargetAttributes = {
					8557AEDD2433200C00075439 = {
						CreatedOnToolsVersion = 11.4;
					};
				};
			};
			buildConfigurationList = 8557AED92433200C00075439 /* Build configuration list for PBXProject "News" */;
			compatibilityVersion = "Xcode 9.3";
			developmentRegion = en;
			hasScannedForEncodings = 0;
			knownRegions = (
				en,
				Base,
			);
			mainGroup = 8557AED52433200C00075439;
			productRefGroup = 8557AEDF2433200C00075439 /* Products */;
			projectDirPath = "";
			projectRoot = "";
			targets = (
				8557AEDD2433200C00075439 /* News */,
			);
		};
/* End PBXProject section */

/* Begin PBXResourcesBuildPhase section */
		8557AEDC2433200C00075439 /* Resources */ = {
			isa = PBXResourcesBuildPhase;
			buildActionMask = 2147483647;
			files = (
				8557AEEE2433200D00075439 /* LaunchScreen.storyboard in Resources */,
				85B5665A2435DDB90011694C /* Articles.storyboard in Resources */,
				85B5665C2435DDCC0011694C /* Favorites.storyboard in Resources */,
				85B566572435DD460011694C /* Sources.storyboard in Resources */,
				8557AEEB2433200D00075439 /* Assets.xcassets in Resources */,
				8557AEE92433200C00075439 /* Main.storyboard in Resources */,
			);
			runOnlyForDeploymentPostprocessing = 0;
		};
/* End PBXResourcesBuildPhase section */

/* Begin PBXShellScriptBuildPhase section */
		1ADD480C7E76315ADCCDBD0F /* [CP] Check Pods Manifest.lock */ = {
			isa = PBXShellScriptBuildPhase;
			buildActionMask = 2147483647;
			files = (
			);
			inputFileListPaths = (
			);
			inputPaths = (
				"${PODS_PODFILE_DIR_PATH}/Podfile.lock",
				"${PODS_ROOT}/Manifest.lock",
			);
			name = "[CP] Check Pods Manifest.lock";
			outputFileListPaths = (
			);
			outputPaths = (
				"$(DERIVED_FILE_DIR)/Pods-News-checkManifestLockResult.txt",
			);
			runOnlyForDeploymentPostprocessing = 0;
			shellPath = /bin/sh;
			shellScript = "diff \"${PODS_PODFILE_DIR_PATH}/Podfile.lock\" \"${PODS_ROOT}/Manifest.lock\" > /dev/null\nif [ $? != 0 ] ; then\n    # print error to STDERR\n    echo \"error: The sandbox is not in sync with the Podfile.lock. Run 'pod install' or update your CocoaPods installation.\" >&2\n    exit 1\nfi\n# This output is used by Xcode 'outputs' to avoid re-running this script phase.\necho \"SUCCESS\" > \"${SCRIPT_OUTPUT_FILE_0}\"\n";
			showEnvVarsInLog = 0;
		};
		40183768F718F3B711551CA9 /* [CP] Embed Pods Frameworks */ = {
			isa = PBXShellScriptBuildPhase;
			buildActionMask = 2147483647;
			files = (
			);
			inputFileListPaths = (
				"${PODS_ROOT}/Target Support Files/Pods-News/Pods-News-frameworks-${CONFIGURATION}-input-files.xcfilelist",
			);
			name = "[CP] Embed Pods Frameworks";
			outputFileListPaths = (
				"${PODS_ROOT}/Target Support Files/Pods-News/Pods-News-frameworks-${CONFIGURATION}-output-files.xcfilelist",
			);
			runOnlyForDeploymentPostprocessing = 0;
			shellPath = /bin/sh;
			shellScript = "\"${PODS_ROOT}/Target Support Files/Pods-News/Pods-News-frameworks.sh\"\n";
			showEnvVarsInLog = 0;
		};
/* End PBXShellScriptBuildPhase section */

/* Begin PBXSourcesBuildPhase section */
		8557AEDA2433200C00075439 /* Sources */ = {
			isa = PBXSourcesBuildPhase;
			buildActionMask = 2147483647;
			files = (
				8557AEFE243326EE00075439 /* NetworkDataFetcher.swift in Sources */,
				8557AF052433357800075439 /* SourceCollectionViewCell.swift in Sources */,
				8511FF3A2434B9210028E8B9 /* NewsTableViewCell.swift in Sources */,
				8557AEF82433265100075439 /* SearchArticles.swift in Sources */,
				8557AEFA243326C700075439 /* SearchSources.swift in Sources */,
				85B5665F2435DEC60011694C /* WelcomeViewController.swift in Sources */,
				855928A424339EBA005393BB /* DateFormatter.swift in Sources */,
				8559289F24336A65005393BB /* DetailedSourceViewController.swift in Sources */,
				8557AEE62433200C00075439 /* SourceCollectionViewController.swift in Sources */,
				8557AEE22433200C00075439 /* AppDelegate.swift in Sources */,
				855928A124337F14005393BB /* DetailedSourceCollectionViewControllerCell.swift in Sources */,
				8557AEFC243326E000075439 /* NetworkService.swift in Sources */,
				8557AF03243334B700075439 /* UltravisualLayout.swift in Sources */,
				8504970924370B5800C1E434 /* DBManager.swift in Sources */,
				8511FF3724349B0A0028E8B9 /* NewsViewController.swift in Sources */,
				8557AF012433348600075439 /* UIKit+Extension.swift in Sources */,
				85B566492435C5C70011694C /* FavoriteNewsViewController.swift in Sources */,
				8557AEE42433200C00075439 /* SceneDelegate.swift in Sources */,
			);
			runOnlyForDeploymentPostprocessing = 0;
		};
/* End PBXSourcesBuildPhase section */

/* Begin PBXVariantGroup section */
		8557AEE72433200C00075439 /* Main.storyboard */ = {
			isa = PBXVariantGroup;
			children = (
				8557AEE82433200C00075439 /* Base */,
			);
			name = Main.storyboard;
			sourceTree = "<group>";
		};
		8557AEEC2433200D00075439 /* LaunchScreen.storyboard */ = {
			isa = PBXVariantGroup;
			children = (
				8557AEED2433200D00075439 /* Base */,
			);
			name = LaunchScreen.storyboard;
			sourceTree = "<group>";
		};
		85B566582435DDB90011694C /* Articles.storyboard */ = {
			isa = PBXVariantGroup;
			children = (
				85B566592435DDB90011694C /* Base */,
			);
			name = Articles.storyboard;
			sourceTree = "<group>";
		};
/* End PBXVariantGroup section */

/* Begin XCBuildConfiguration section */
		8557AEF02433200D00075439 /* Debug */ = {
			isa = XCBuildConfiguration;
			buildSettings = {
				ALWAYS_SEARCH_USER_PATHS = NO;
				CLANG_ANALYZER_NONNULL = YES;
				CLANG_ANALYZER_NUMBER_OBJECT_CONVERSION = YES_AGGRESSIVE;
				CLANG_CXX_LANGUAGE_STANDARD = "gnu++14";
				CLANG_CXX_LIBRARY = "libc++";
				CLANG_ENABLE_MODULES = YES;
				CLANG_ENABLE_OBJC_ARC = YES;
				CLANG_ENABLE_OBJC_WEAK = YES;
				CLANG_WARN_BLOCK_CAPTURE_AUTORELEASING = YES;
				CLANG_WARN_BOOL_CONVERSION = YES;
				CLANG_WARN_COMMA = YES;
				CLANG_WARN_CONSTANT_CONVERSION = YES;
				CLANG_WARN_DEPRECATED_OBJC_IMPLEMENTATIONS = YES;
				CLANG_WARN_DIRECT_OBJC_ISA_USAGE = YES_ERROR;
				CLANG_WARN_DOCUMENTATION_COMMENTS = YES;
				CLANG_WARN_EMPTY_BODY = YES;
				CLANG_WARN_ENUM_CONVERSION = YES;
				CLANG_WARN_INFINITE_RECURSION = YES;
				CLANG_WARN_INT_CONVERSION = YES;
				CLANG_WARN_NON_LITERAL_NULL_CONVERSION = YES;
				CLANG_WARN_OBJC_IMPLICIT_RETAIN_SELF = YES;
				CLANG_WARN_OBJC_LITERAL_CONVERSION = YES;
				CLANG_WARN_OBJC_ROOT_CLASS = YES_ERROR;
				CLANG_WARN_RANGE_LOOP_ANALYSIS = YES;
				CLANG_WARN_STRICT_PROTOTYPES = YES;
				CLANG_WARN_SUSPICIOUS_MOVE = YES;
				CLANG_WARN_UNGUARDED_AVAILABILITY = YES_AGGRESSIVE;
				CLANG_WARN_UNREACHABLE_CODE = YES;
				CLANG_WARN__DUPLICATE_METHOD_MATCH = YES;
				COPY_PHASE_STRIP = NO;
				DEBUG_INFORMATION_FORMAT = dwarf;
				ENABLE_STRICT_OBJC_MSGSEND = YES;
				ENABLE_TESTABILITY = YES;
				GCC_C_LANGUAGE_STANDARD = gnu11;
				GCC_DYNAMIC_NO_PIC = NO;
				GCC_NO_COMMON_BLOCKS = YES;
				GCC_OPTIMIZATION_LEVEL = 0;
				GCC_PREPROCESSOR_DEFINITIONS = (
					"DEBUG=1",
					"$(inherited)",
				);
				GCC_WARN_64_TO_32_BIT_CONVERSION = YES;
				GCC_WARN_ABOUT_RETURN_TYPE = YES_ERROR;
				GCC_WARN_UNDECLARED_SELECTOR = YES;
				GCC_WARN_UNINITIALIZED_AUTOS = YES_AGGRESSIVE;
				GCC_WARN_UNUSED_FUNCTION = YES;
				GCC_WARN_UNUSED_VARIABLE = YES;
				IPHONEOS_DEPLOYMENT_TARGET = 13.4;
				MTL_ENABLE_DEBUG_INFO = INCLUDE_SOURCE;
				MTL_FAST_MATH = YES;
				ONLY_ACTIVE_ARCH = YES;
				SDKROOT = iphoneos;
				SWIFT_ACTIVE_COMPILATION_CONDITIONS = DEBUG;
				SWIFT_OPTIMIZATION_LEVEL = "-Onone";
			};
			name = Debug;
		};
		8557AEF12433200D00075439 /* Release */ = {
			isa = XCBuildConfiguration;
			buildSettings = {
				ALWAYS_SEARCH_USER_PATHS = NO;
				CLANG_ANALYZER_NONNULL = YES;
				CLANG_ANALYZER_NUMBER_OBJECT_CONVERSION = YES_AGGRESSIVE;
				CLANG_CXX_LANGUAGE_STANDARD = "gnu++14";
				CLANG_CXX_LIBRARY = "libc++";
				CLANG_ENABLE_MODULES = YES;
				CLANG_ENABLE_OBJC_ARC = YES;
				CLANG_ENABLE_OBJC_WEAK = YES;
				CLANG_WARN_BLOCK_CAPTURE_AUTORELEASING = YES;
				CLANG_WARN_BOOL_CONVERSION = YES;
				CLANG_WARN_COMMA = YES;
				CLANG_WARN_CONSTANT_CONVERSION = YES;
				CLANG_WARN_DEPRECATED_OBJC_IMPLEMENTATIONS = YES;
				CLANG_WARN_DIRECT_OBJC_ISA_USAGE = YES_ERROR;
				CLANG_WARN_DOCUMENTATION_COMMENTS = YES;
				CLANG_WARN_EMPTY_BODY = YES;
				CLANG_WARN_ENUM_CONVERSION = YES;
				CLANG_WARN_INFINITE_RECURSION = YES;
				CLANG_WARN_INT_CONVERSION = YES;
				CLANG_WARN_NON_LITERAL_NULL_CONVERSION = YES;
				CLANG_WARN_OBJC_IMPLICIT_RETAIN_SELF = YES;
				CLANG_WARN_OBJC_LITERAL_CONVERSION = YES;
				CLANG_WARN_OBJC_ROOT_CLASS = YES_ERROR;
				CLANG_WARN_RANGE_LOOP_ANALYSIS = YES;
				CLANG_WARN_STRICT_PROTOTYPES = YES;
				CLANG_WARN_SUSPICIOUS_MOVE = YES;
				CLANG_WARN_UNGUARDED_AVAILABILITY = YES_AGGRESSIVE;
				CLANG_WARN_UNREACHABLE_CODE = YES;
				CLANG_WARN__DUPLICATE_METHOD_MATCH = YES;
				COPY_PHASE_STRIP = NO;
				DEBUG_INFORMATION_FORMAT = "dwarf-with-dsym";
				ENABLE_NS_ASSERTIONS = NO;
				ENABLE_STRICT_OBJC_MSGSEND = YES;
				GCC_C_LANGUAGE_STANDARD = gnu11;
				GCC_NO_COMMON_BLOCKS = YES;
				GCC_WARN_64_TO_32_BIT_CONVERSION = YES;
				GCC_WARN_ABOUT_RETURN_TYPE = YES_ERROR;
				GCC_WARN_UNDECLARED_SELECTOR = YES;
				GCC_WARN_UNINITIALIZED_AUTOS = YES_AGGRESSIVE;
				GCC_WARN_UNUSED_FUNCTION = YES;
				GCC_WARN_UNUSED_VARIABLE = YES;
				IPHONEOS_DEPLOYMENT_TARGET = 13.4;
				MTL_ENABLE_DEBUG_INFO = NO;
				MTL_FAST_MATH = YES;
				SDKROOT = iphoneos;
				SWIFT_COMPILATION_MODE = wholemodule;
				SWIFT_OPTIMIZATION_LEVEL = "-O";
				VALIDATE_PRODUCT = YES;
			};
			name = Release;
		};
		8557AEF32433200D00075439 /* Debug */ = {
			isa = XCBuildConfiguration;
			baseConfigurationReference = AE89F67B01C0316049F6052B /* Pods-News.debug.xcconfig */;
			buildSettings = {
				ASSETCATALOG_COMPILER_APPICON_NAME = AppIcon;
				CODE_SIGN_STYLE = Automatic;
				DEVELOPMENT_TEAM = 523XWQ22UQ;
				INFOPLIST_FILE = News/Info.plist;
				LD_RUNPATH_SEARCH_PATHS = (
					"$(inherited)",
					"@executable_path/Frameworks",
				);
				PRODUCT_BUNDLE_IDENTIFIER = st.com.News;
				PRODUCT_NAME = "$(TARGET_NAME)";
				SWIFT_VERSION = 5.0;
				TARGETED_DEVICE_FAMILY = "1,2";
			};
			name = Debug;
		};
		8557AEF42433200D00075439 /* Release */ = {
			isa = XCBuildConfiguration;
			baseConfigurationReference = CDEBA705CD324399A8BF6067 /* Pods-News.release.xcconfig */;
			buildSettings = {
				ASSETCATALOG_COMPILER_APPICON_NAME = AppIcon;
				CODE_SIGN_STYLE = Automatic;
				DEVELOPMENT_TEAM = 523XWQ22UQ;
				INFOPLIST_FILE = News/Info.plist;
				LD_RUNPATH_SEARCH_PATHS = (
					"$(inherited)",
					"@executable_path/Frameworks",
				);
				PRODUCT_BUNDLE_IDENTIFIER = st.com.News;
				PRODUCT_NAME = "$(TARGET_NAME)";
				SWIFT_VERSION = 5.0;
				TARGETED_DEVICE_FAMILY = "1,2";
			};
			name = Release;
		};
/* End XCBuildConfiguration section */

/* Begin XCConfigurationList section */
		8557AED92433200C00075439 /* Build configuration list for PBXProject "News" */ = {
			isa = XCConfigurationList;
			buildConfigurations = (
				8557AEF02433200D00075439 /* Debug */,
				8557AEF12433200D00075439 /* Release */,
			);
			defaultConfigurationIsVisible = 0;
			defaultConfigurationName = Release;
		};
		8557AEF22433200D00075439 /* Build configuration list for PBXNativeTarget "News" */ = {
			isa = XCConfigurationList;
			buildConfigurations = (
				8557AEF32433200D00075439 /* Debug */,
				8557AEF42433200D00075439 /* Release */,
			);
			defaultConfigurationIsVisible = 0;
			defaultConfigurationName = Release;
		};
/* End XCConfigurationList section */
	};
	rootObject = 8557AED62433200C00075439 /* Project object */;
}
